
Microsoft Visual Studio Solution File, Format Version 12.00
# Visual Studio Version 17
VisualStudioVersion = 17.8.34408.163
MinimumVisualStudioVersion = 15.0.26124.0
Project("{2150E333-8FDC-42A3-9474-1A3956D46DE8}") = "src", "src", "{C0192DBD-4673-4573-BF61-FD0B4EFB7D11}"
EndProject
Project("{9A19103F-16F7-4668-BE54-9A1E7A4F7556}") = "Codenizer.HttpClient.Testable", "src\Codenizer.HttpClient.Testable\Codenizer.HttpClient.Testable.csproj", "{CDCAE294-2AE2-4384-84AC-31DE18E095D2}"
EndProject
Project("{2150E333-8FDC-42A3-9474-1A3956D46DE8}") = "test", "test", "{F761F081-0182-4511-BAE1-57A351175020}"
EndProject
Project("{9A19103F-16F7-4668-BE54-9A1E7A4F7556}") = "Codenizer.HttpClient.Testable.Tests.Unit", "test\Codenizer.HttpClient.Testable.Tests.Unit\Codenizer.HttpClient.Testable.Tests.Unit.csproj", "{0A28E5CE-0EDC-490A-8D28-34C79EA7D8DA}"
EndProject
Project("{2150E333-8FDC-42A3-9474-1A3956D46DE8}") = "Solution Items", "Solution Items", "{61B5BDEC-5FE6-4196-A6A0-566E9012E2A9}"
	ProjectSection(SolutionItems) = preProject
		Changelog.md = Changelog.md
		Directory.Build.props = Directory.Build.props
		Directory.Packages.props = Directory.Packages.props
		README.md = README.md
	EndProjectSection
EndProject
Project("{2150E333-8FDC-42A3-9474-1A3956D46DE8}") = ".github", ".github", "{8A5D3F82-D123-4134-82FD-FED4C582B6F6}"
	ProjectSection(SolutionItems) = preProject
		.github\dependabot.yml = .github\dependabot.yml
		.github\FUNDING.yml = .github\FUNDING.yml
	EndProjectSection
EndProject
Project("{2150E333-8FDC-42A3-9474-1A3956D46DE8}") = "workflows", "workflows", "{968A65B7-FF9A-4A8B-B415-9C1C2D451B3F}"
	ProjectSection(SolutionItems) = preProject
		.github\workflows\build-and-test.yml = .github\workflows\build-and-test.yml
		.github\workflows\pre_release.yaml = .github\workflows\pre_release.yaml
		.github\workflows\release.yml = .github\workflows\release.yml
	EndProjectSection
EndProject
Project("{FAE04EC0-301F-11D3-BF4B-00C04F79EFBC}") = "Codenizer.HttpClient.Testable.SlackServer", "src\Codenizer.HttpClient.Testable.SlackServer\Codenizer.HttpClient.Testable.SlackServer.csproj", "{97E9CB1B-4904-41AB-ABFE-D856D3E65C3D}"
EndProject
Project("{FAE04EC0-301F-11D3-BF4B-00C04F79EFBC}") = "Codenizer.HttpClient.Testable.SlackServer.Tests", "test\Codenizer.HttpClient.Testable.SlackServer.Tests\Codenizer.HttpClient.Testable.SlackServer.Tests.csproj", "{03CB7374-8EE1-4C27-ADF4-3B1BE4C60C11}"
EndProject
Project("{FAE04EC0-301F-11D3-BF4B-00C04F79EFBC}") = "Codenizer.HttpClient.Testable.GitLabServer", "src\Codenizer.HttpClient.Testable.GitLabServer\Codenizer.HttpClient.Testable.GitLabServer.csproj", "{329FAD32-7827-4B22-AB4D-E52B7BAC5B21}"
EndProject
Project("{FAE04EC0-301F-11D3-BF4B-00C04F79EFBC}") = "Codenizer.HttpClient.Testable.GitLabServer.Tests", "test\Codenizer.HttpClient.Testable.GitLabServer.Tests\Codenizer.HttpClient.Testable.GitLabServer.Tests.csproj", "{36B20E51-B629-43EE-B389-5AC52B347D20}"
EndProject
Project("{FAE04EC0-301F-11D3-BF4B-00C04F79EFBC}") = "Codenizer.HttpClient.Testable.AnthropicServer", "src\Codenizer.HttpClient.Testable.AnthropicServer\Codenizer.HttpClient.Testable.AnthropicServer.csproj", "{915C5AF5-A58A-4F0A-B95F-17C9D5E4CA9E}"
EndProject
Project("{FAE04EC0-301F-11D3-BF4B-00C04F79EFBC}") = "Codenizer.HttpClient.Testable.ZepServer", "src\Codenizer.HttpClient.Testable.ZepServer\Codenizer.HttpClient.Testable.ZepServer.csproj", "{C434328C-B2E2-42D4-BE5F-45ED79467ED6}"
EndProject
Project("{FAE04EC0-301F-11D3-BF4B-00C04F79EFBC}") = "Codenizer.HttpClient.Testable.ZepServer.Tests", "test\Codenizer.HttpClient.Testable.ZepServer.Tests\Codenizer.HttpClient.Testable.ZepServer.Tests.csproj", "{E6C13F22-CCEB-4FC0-96C2-175B75D70107}"
EndProject
Project("{FAE04EC0-301F-11D3-BF4B-00C04F79EFBC}") = "Codenizer.HttpClient.Testable.AssemblyAiServer", "src\Codenizer.HttpClient.Testable.AssemblyAiServer\Codenizer.HttpClient.Testable.AssemblyAiServer.csproj", "{2E3AC56A-1958-4F41-B7BD-19DF4D74E641}"
EndProject
Project("{FAE04EC0-301F-11D3-BF4B-00C04F79EFBC}") = "Codenizer.HttpClient.Testable.AssemblyAiServer.Tests", "test\Codenizer.HttpClient.Testable.AssemblyAiServer.Tests\Codenizer.HttpClient.Testable.AssemblyAiServer.Tests.csproj", "{7A4A2FA3-D00E-49CF-AA65-5B41BD398850}"
EndProject
Project("{FAE04EC0-301F-11D3-BF4B-00C04F79EFBC}") = "Codenizer.HttpClient.Testable.LinearServer", "src\Codenizer.HttpClient.Testable.LinearServer\Codenizer.HttpClient.Testable.LinearServer.csproj", "{E8D7DBAE-1AEE-40A5-87DE-2F3DA231D1A0}"
EndProject
Project("{FAE04EC0-301F-11D3-BF4B-00C04F79EFBC}") = "Codenizer.HttpClient.Testable.LinearServer.Tests", "test\Codenizer.HttpClient.Testable.LinearServer.Tests\Codenizer.HttpClient.Testable.LinearServer.Tests.csproj", "{F92F19FA-8B83-49E2-9A58-7AF92D5ECF4F}"
EndProject
Global
	GlobalSection(SolutionConfigurationPlatforms) = preSolution
		Debug|Any CPU = Debug|Any CPU
		Debug|x64 = Debug|x64
		Debug|x86 = Debug|x86
		Release|Any CPU = Release|Any CPU
		Release|x64 = Release|x64
		Release|x86 = Release|x86
	EndGlobalSection
	GlobalSection(ProjectConfigurationPlatforms) = postSolution
		{CDCAE294-2AE2-4384-84AC-31DE18E095D2}.Debug|Any CPU.ActiveCfg = Debug|Any CPU
		{CDCAE294-2AE2-4384-84AC-31DE18E095D2}.Debug|Any CPU.Build.0 = Debug|Any CPU
		{CDCAE294-2AE2-4384-84AC-31DE18E095D2}.Debug|x64.ActiveCfg = Debug|Any CPU
		{CDCAE294-2AE2-4384-84AC-31DE18E095D2}.Debug|x64.Build.0 = Debug|Any CPU
		{CDCAE294-2AE2-4384-84AC-31DE18E095D2}.Debug|x86.ActiveCfg = Debug|Any CPU
		{CDCAE294-2AE2-4384-84AC-31DE18E095D2}.Debug|x86.Build.0 = Debug|Any CPU
		{CDCAE294-2AE2-4384-84AC-31DE18E095D2}.Release|Any CPU.ActiveCfg = Release|Any CPU
		{CDCAE294-2AE2-4384-84AC-31DE18E095D2}.Release|Any CPU.Build.0 = Release|Any CPU
		{CDCAE294-2AE2-4384-84AC-31DE18E095D2}.Release|x64.ActiveCfg = Release|Any CPU
		{CDCAE294-2AE2-4384-84AC-31DE18E095D2}.Release|x64.Build.0 = Release|Any CPU
		{CDCAE294-2AE2-4384-84AC-31DE18E095D2}.Release|x86.ActiveCfg = Release|Any CPU
		{CDCAE294-2AE2-4384-84AC-31DE18E095D2}.Release|x86.Build.0 = Release|Any CPU
		{0A28E5CE-0EDC-490A-8D28-34C79EA7D8DA}.Debug|Any CPU.ActiveCfg = Debug|Any CPU
		{0A28E5CE-0EDC-490A-8D28-34C79EA7D8DA}.Debug|Any CPU.Build.0 = Debug|Any CPU
		{0A28E5CE-0EDC-490A-8D28-34C79EA7D8DA}.Debug|x64.ActiveCfg = Debug|Any CPU
		{0A28E5CE-0EDC-490A-8D28-34C79EA7D8DA}.Debug|x64.Build.0 = Debug|Any CPU
		{0A28E5CE-0EDC-490A-8D28-34C79EA7D8DA}.Debug|x86.ActiveCfg = Debug|Any CPU
		{0A28E5CE-0EDC-490A-8D28-34C79EA7D8DA}.Debug|x86.Build.0 = Debug|Any CPU
		{0A28E5CE-0EDC-490A-8D28-34C79EA7D8DA}.Release|Any CPU.ActiveCfg = Release|Any CPU
		{0A28E5CE-0EDC-490A-8D28-34C79EA7D8DA}.Release|Any CPU.Build.0 = Release|Any CPU
		{0A28E5CE-0EDC-490A-8D28-34C79EA7D8DA}.Release|x64.ActiveCfg = Release|Any CPU
		{0A28E5CE-0EDC-490A-8D28-34C79EA7D8DA}.Release|x64.Build.0 = Release|Any CPU
		{0A28E5CE-0EDC-490A-8D28-34C79EA7D8DA}.Release|x86.ActiveCfg = Release|Any CPU
		{0A28E5CE-0EDC-490A-8D28-34C79EA7D8DA}.Release|x86.Build.0 = Release|Any CPU
		{97E9CB1B-4904-41AB-ABFE-D856D3E65C3D}.Debug|Any CPU.ActiveCfg = Debug|Any CPU
		{97E9CB1B-4904-41AB-ABFE-D856D3E65C3D}.Debug|Any CPU.Build.0 = Debug|Any CPU
		{97E9CB1B-4904-41AB-ABFE-D856D3E65C3D}.Debug|x64.ActiveCfg = Debug|Any CPU
		{97E9CB1B-4904-41AB-ABFE-D856D3E65C3D}.Debug|x64.Build.0 = Debug|Any CPU
		{97E9CB1B-4904-41AB-ABFE-D856D3E65C3D}.Debug|x86.ActiveCfg = Debug|Any CPU
		{97E9CB1B-4904-41AB-ABFE-D856D3E65C3D}.Debug|x86.Build.0 = Debug|Any CPU
		{97E9CB1B-4904-41AB-ABFE-D856D3E65C3D}.Release|Any CPU.ActiveCfg = Release|Any CPU
		{97E9CB1B-4904-41AB-ABFE-D856D3E65C3D}.Release|Any CPU.Build.0 = Release|Any CPU
		{97E9CB1B-4904-41AB-ABFE-D856D3E65C3D}.Release|x64.ActiveCfg = Release|Any CPU
		{97E9CB1B-4904-41AB-ABFE-D856D3E65C3D}.Release|x64.Build.0 = Release|Any CPU
		{97E9CB1B-4904-41AB-ABFE-D856D3E65C3D}.Release|x86.ActiveCfg = Release|Any CPU
		{97E9CB1B-4904-41AB-ABFE-D856D3E65C3D}.Release|x86.Build.0 = Release|Any CPU
		{03CB7374-8EE1-4C27-ADF4-3B1BE4C60C11}.Debug|Any CPU.ActiveCfg = Debug|Any CPU
		{03CB7374-8EE1-4C27-ADF4-3B1BE4C60C11}.Debug|Any CPU.Build.0 = Debug|Any CPU
		{03CB7374-8EE1-4C27-ADF4-3B1BE4C60C11}.Debug|x64.ActiveCfg = Debug|Any CPU
		{03CB7374-8EE1-4C27-ADF4-3B1BE4C60C11}.Debug|x64.Build.0 = Debug|Any CPU
		{03CB7374-8EE1-4C27-ADF4-3B1BE4C60C11}.Debug|x86.ActiveCfg = Debug|Any CPU
		{03CB7374-8EE1-4C27-ADF4-3B1BE4C60C11}.Debug|x86.Build.0 = Debug|Any CPU
		{03CB7374-8EE1-4C27-ADF4-3B1BE4C60C11}.Release|Any CPU.ActiveCfg = Release|Any CPU
		{03CB7374-8EE1-4C27-ADF4-3B1BE4C60C11}.Release|Any CPU.Build.0 = Release|Any CPU
		{03CB7374-8EE1-4C27-ADF4-3B1BE4C60C11}.Release|x64.ActiveCfg = Release|Any CPU
		{03CB7374-8EE1-4C27-ADF4-3B1BE4C60C11}.Release|x64.Build.0 = Release|Any CPU
		{03CB7374-8EE1-4C27-ADF4-3B1BE4C60C11}.Release|x86.ActiveCfg = Release|Any CPU
		{03CB7374-8EE1-4C27-ADF4-3B1BE4C60C11}.Release|x86.Build.0 = Release|Any CPU
		{329FAD32-7827-4B22-AB4D-E52B7BAC5B21}.Debug|Any CPU.ActiveCfg = Debug|Any CPU
		{329FAD32-7827-4B22-AB4D-E52B7BAC5B21}.Debug|Any CPU.Build.0 = Debug|Any CPU
		{329FAD32-7827-4B22-AB4D-E52B7BAC5B21}.Debug|x64.ActiveCfg = Debug|Any CPU
		{329FAD32-7827-4B22-AB4D-E52B7BAC5B21}.Debug|x64.Build.0 = Debug|Any CPU
		{329FAD32-7827-4B22-AB4D-E52B7BAC5B21}.Debug|x86.ActiveCfg = Debug|Any CPU
		{329FAD32-7827-4B22-AB4D-E52B7BAC5B21}.Debug|x86.Build.0 = Debug|Any CPU
		{329FAD32-7827-4B22-AB4D-E52B7BAC5B21}.Release|Any CPU.ActiveCfg = Release|Any CPU
		{329FAD32-7827-4B22-AB4D-E52B7BAC5B21}.Release|Any CPU.Build.0 = Release|Any CPU
		{329FAD32-7827-4B22-AB4D-E52B7BAC5B21}.Release|x64.ActiveCfg = Release|Any CPU
		{329FAD32-7827-4B22-AB4D-E52B7BAC5B21}.Release|x64.Build.0 = Release|Any CPU
		{329FAD32-7827-4B22-AB4D-E52B7BAC5B21}.Release|x86.ActiveCfg = Release|Any CPU
		{329FAD32-7827-4B22-AB4D-E52B7BAC5B21}.Release|x86.Build.0 = Release|Any CPU
		{36B20E51-B629-43EE-B389-5AC52B347D20}.Debug|Any CPU.ActiveCfg = Debug|Any CPU
		{36B20E51-B629-43EE-B389-5AC52B347D20}.Debug|Any CPU.Build.0 = Debug|Any CPU
		{36B20E51-B629-43EE-B389-5AC52B347D20}.Debug|x64.ActiveCfg = Debug|Any CPU
		{36B20E51-B629-43EE-B389-5AC52B347D20}.Debug|x64.Build.0 = Debug|Any CPU
		{36B20E51-B629-43EE-B389-5AC52B347D20}.Debug|x86.ActiveCfg = Debug|Any CPU
		{36B20E51-B629-43EE-B389-5AC52B347D20}.Debug|x86.Build.0 = Debug|Any CPU
		{36B20E51-B629-43EE-B389-5AC52B347D20}.Release|Any CPU.ActiveCfg = Release|Any CPU
		{36B20E51-B629-43EE-B389-5AC52B347D20}.Release|Any CPU.Build.0 = Release|Any CPU
		{36B20E51-B629-43EE-B389-5AC52B347D20}.Release|x64.ActiveCfg = Release|Any CPU
		{36B20E51-B629-43EE-B389-5AC52B347D20}.Release|x64.Build.0 = Release|Any CPU
		{36B20E51-B629-43EE-B389-5AC52B347D20}.Release|x86.ActiveCfg = Release|Any CPU
		{36B20E51-B629-43EE-B389-5AC52B347D20}.Release|x86.Build.0 = Release|Any CPU
		{915C5AF5-A58A-4F0A-B95F-17C9D5E4CA9E}.Debug|Any CPU.ActiveCfg = Debug|Any CPU
		{915C5AF5-A58A-4F0A-B95F-17C9D5E4CA9E}.Debug|Any CPU.Build.0 = Debug|Any CPU
		{915C5AF5-A58A-4F0A-B95F-17C9D5E4CA9E}.Debug|x64.ActiveCfg = Debug|Any CPU
		{915C5AF5-A58A-4F0A-B95F-17C9D5E4CA9E}.Debug|x64.Build.0 = Debug|Any CPU
		{915C5AF5-A58A-4F0A-B95F-17C9D5E4CA9E}.Debug|x86.ActiveCfg = Debug|Any CPU
		{915C5AF5-A58A-4F0A-B95F-17C9D5E4CA9E}.Debug|x86.Build.0 = Debug|Any CPU
		{915C5AF5-A58A-4F0A-B95F-17C9D5E4CA9E}.Release|Any CPU.ActiveCfg = Release|Any CPU
		{915C5AF5-A58A-4F0A-B95F-17C9D5E4CA9E}.Release|Any CPU.Build.0 = Release|Any CPU
		{915C5AF5-A58A-4F0A-B95F-17C9D5E4CA9E}.Release|x64.ActiveCfg = Release|Any CPU
		{915C5AF5-A58A-4F0A-B95F-17C9D5E4CA9E}.Release|x64.Build.0 = Release|Any CPU
		{915C5AF5-A58A-4F0A-B95F-17C9D5E4CA9E}.Release|x86.ActiveCfg = Release|Any CPU
		{915C5AF5-A58A-4F0A-B95F-17C9D5E4CA9E}.Release|x86.Build.0 = Release|Any CPU
		{C434328C-B2E2-42D4-BE5F-45ED79467ED6}.Debug|Any CPU.ActiveCfg = Debug|Any CPU
		{C434328C-B2E2-42D4-BE5F-45ED79467ED6}.Debug|Any CPU.Build.0 = Debug|Any CPU
		{C434328C-B2E2-42D4-BE5F-45ED79467ED6}.Debug|x64.ActiveCfg = Debug|Any CPU
		{C434328C-B2E2-42D4-BE5F-45ED79467ED6}.Debug|x64.Build.0 = Debug|Any CPU
		{C434328C-B2E2-42D4-BE5F-45ED79467ED6}.Debug|x86.ActiveCfg = Debug|Any CPU
		{C434328C-B2E2-42D4-BE5F-45ED79467ED6}.Debug|x86.Build.0 = Debug|Any CPU
		{C434328C-B2E2-42D4-BE5F-45ED79467ED6}.Release|Any CPU.ActiveCfg = Release|Any CPU
		{C434328C-B2E2-42D4-BE5F-45ED79467ED6}.Release|Any CPU.Build.0 = Release|Any CPU
		{C434328C-B2E2-42D4-BE5F-45ED79467ED6}.Release|x64.ActiveCfg = Release|Any CPU
		{C434328C-B2E2-42D4-BE5F-45ED79467ED6}.Release|x64.Build.0 = Release|Any CPU
		{C434328C-B2E2-42D4-BE5F-45ED79467ED6}.Release|x86.ActiveCfg = Release|Any CPU
		{C434328C-B2E2-42D4-BE5F-45ED79467ED6}.Release|x86.Build.0 = Release|Any CPU
		{E6C13F22-CCEB-4FC0-96C2-175B75D70107}.Debug|Any CPU.ActiveCfg = Debug|Any CPU
		{E6C13F22-CCEB-4FC0-96C2-175B75D70107}.Debug|Any CPU.Build.0 = Debug|Any CPU
		{E6C13F22-CCEB-4FC0-96C2-175B75D70107}.Debug|x64.ActiveCfg = Debug|Any CPU
		{E6C13F22-CCEB-4FC0-96C2-175B75D70107}.Debug|x64.Build.0 = Debug|Any CPU
		{E6C13F22-CCEB-4FC0-96C2-175B75D70107}.Debug|x86.ActiveCfg = Debug|Any CPU
		{E6C13F22-CCEB-4FC0-96C2-175B75D70107}.Debug|x86.Build.0 = Debug|Any CPU
		{E6C13F22-CCEB-4FC0-96C2-175B75D70107}.Release|Any CPU.ActiveCfg = Release|Any CPU
		{E6C13F22-CCEB-4FC0-96C2-175B75D70107}.Release|Any CPU.Build.0 = Release|Any CPU
		{E6C13F22-CCEB-4FC0-96C2-175B75D70107}.Release|x64.ActiveCfg = Release|Any CPU
		{E6C13F22-CCEB-4FC0-96C2-175B75D70107}.Release|x64.Build.0 = Release|Any CPU
		{E6C13F22-CCEB-4FC0-96C2-175B75D70107}.Release|x86.ActiveCfg = Release|Any CPU
		{E6C13F22-CCEB-4FC0-96C2-175B75D70107}.Release|x86.Build.0 = Release|Any CPU
		{2E3AC56A-1958-4F41-B7BD-19DF4D74E641}.Debug|Any CPU.ActiveCfg = Debug|Any CPU
		{2E3AC56A-1958-4F41-B7BD-19DF4D74E641}.Debug|Any CPU.Build.0 = Debug|Any CPU
		{2E3AC56A-1958-4F41-B7BD-19DF4D74E641}.Debug|x64.ActiveCfg = Debug|Any CPU
		{2E3AC56A-1958-4F41-B7BD-19DF4D74E641}.Debug|x64.Build.0 = Debug|Any CPU
		{2E3AC56A-1958-4F41-B7BD-19DF4D74E641}.Debug|x86.ActiveCfg = Debug|Any CPU
		{2E3AC56A-1958-4F41-B7BD-19DF4D74E641}.Debug|x86.Build.0 = Debug|Any CPU
		{2E3AC56A-1958-4F41-B7BD-19DF4D74E641}.Release|Any CPU.ActiveCfg = Release|Any CPU
		{2E3AC56A-1958-4F41-B7BD-19DF4D74E641}.Release|Any CPU.Build.0 = Release|Any CPU
		{2E3AC56A-1958-4F41-B7BD-19DF4D74E641}.Release|x64.ActiveCfg = Release|Any CPU
		{2E3AC56A-1958-4F41-B7BD-19DF4D74E641}.Release|x64.Build.0 = Release|Any CPU
		{2E3AC56A-1958-4F41-B7BD-19DF4D74E641}.Release|x86.ActiveCfg = Release|Any CPU
		{2E3AC56A-1958-4F41-B7BD-19DF4D74E641}.Release|x86.Build.0 = Release|Any CPU
		{7A4A2FA3-D00E-49CF-AA65-5B41BD398850}.Debug|Any CPU.ActiveCfg = Debug|Any CPU
		{7A4A2FA3-D00E-49CF-AA65-5B41BD398850}.Debug|Any CPU.Build.0 = Debug|Any CPU
		{7A4A2FA3-D00E-49CF-AA65-5B41BD398850}.Debug|x64.ActiveCfg = Debug|Any CPU
		{7A4A2FA3-D00E-49CF-AA65-5B41BD398850}.Debug|x64.Build.0 = Debug|Any CPU
		{7A4A2FA3-D00E-49CF-AA65-5B41BD398850}.Debug|x86.ActiveCfg = Debug|Any CPU
		{7A4A2FA3-D00E-49CF-AA65-5B41BD398850}.Debug|x86.Build.0 = Debug|Any CPU
		{7A4A2FA3-D00E-49CF-AA65-5B41BD398850}.Release|Any CPU.ActiveCfg = Release|Any CPU
		{7A4A2FA3-D00E-49CF-AA65-5B41BD398850}.Release|Any CPU.Build.0 = Release|Any CPU
		{7A4A2FA3-D00E-49CF-AA65-5B41BD398850}.Release|x64.ActiveCfg = Release|Any CPU
		{7A4A2FA3-D00E-49CF-AA65-5B41BD398850}.Release|x64.Build.0 = Release|Any CPU
		{7A4A2FA3-D00E-49CF-AA65-5B41BD398850}.Release|x86.ActiveCfg = Release|Any CPU
		{7A4A2FA3-D00E-49CF-AA65-5B41BD398850}.Release|x86.Build.0 = Release|Any CPU
		{E8D7DBAE-1AEE-40A5-87DE-2F3DA231D1A0}.Debug|Any CPU.ActiveCfg = Debug|Any CPU
		{E8D7DBAE-1AEE-40A5-87DE-2F3DA231D1A0}.Debug|Any CPU.Build.0 = Debug|Any CPU
		{E8D7DBAE-1AEE-40A5-87DE-2F3DA231D1A0}.Debug|x64.ActiveCfg = Debug|Any CPU
		{E8D7DBAE-1AEE-40A5-87DE-2F3DA231D1A0}.Debug|x64.Build.0 = Debug|Any CPU
		{E8D7DBAE-1AEE-40A5-87DE-2F3DA231D1A0}.Debug|x86.ActiveCfg = Debug|Any CPU
		{E8D7DBAE-1AEE-40A5-87DE-2F3DA231D1A0}.Debug|x86.Build.0 = Debug|Any CPU
		{E8D7DBAE-1AEE-40A5-87DE-2F3DA231D1A0}.Release|Any CPU.ActiveCfg = Release|Any CPU
		{E8D7DBAE-1AEE-40A5-87DE-2F3DA231D1A0}.Release|Any CPU.Build.0 = Release|Any CPU
		{E8D7DBAE-1AEE-40A5-87DE-2F3DA231D1A0}.Release|x64.ActiveCfg = Release|Any CPU
		{E8D7DBAE-1AEE-40A5-87DE-2F3DA231D1A0}.Release|x64.Build.0 = Release|Any CPU
		{E8D7DBAE-1AEE-40A5-87DE-2F3DA231D1A0}.Release|x86.ActiveCfg = Release|Any CPU
		{E8D7DBAE-1AEE-40A5-87DE-2F3DA231D1A0}.Release|x86.Build.0 = Release|Any CPU
		{F92F19FA-8B83-49E2-9A58-7AF92D5ECF4F}.Debug|Any CPU.ActiveCfg = Debug|Any CPU
		{F92F19FA-8B83-49E2-9A58-7AF92D5ECF4F}.Debug|Any CPU.Build.0 = Debug|Any CPU
		{F92F19FA-8B83-49E2-9A58-7AF92D5ECF4F}.Debug|x64.ActiveCfg = Debug|Any CPU
		{F92F19FA-8B83-49E2-9A58-7AF92D5ECF4F}.Debug|x64.Build.0 = Debug|Any CPU
		{F92F19FA-8B83-49E2-9A58-7AF92D5ECF4F}.Debug|x86.ActiveCfg = Debug|Any CPU
		{F92F19FA-8B83-49E2-9A58-7AF92D5ECF4F}.Debug|x86.Build.0 = Debug|Any CPU
		{F92F19FA-8B83-49E2-9A58-7AF92D5ECF4F}.Release|Any CPU.ActiveCfg = Release|Any CPU
		{F92F19FA-8B83-49E2-9A58-7AF92D5ECF4F}.Release|Any CPU.Build.0 = Release|Any CPU
		{F92F19FA-8B83-49E2-9A58-7AF92D5ECF4F}.Release|x64.ActiveCfg = Release|Any CPU
		{F92F19FA-8B83-49E2-9A58-7AF92D5ECF4F}.Release|x64.Build.0 = Release|Any CPU
		{F92F19FA-8B83-49E2-9A58-7AF92D5ECF4F}.Release|x86.ActiveCfg = Release|Any CPU
		{F92F19FA-8B83-49E2-9A58-7AF92D5ECF4F}.Release|x86.Build.0 = Release|Any CPU
	EndGlobalSection
	GlobalSection(SolutionProperties) = preSolution
		HideSolutionNode = FALSE
	EndGlobalSection
	GlobalSection(NestedProjects) = preSolution
		{CDCAE294-2AE2-4384-84AC-31DE18E095D2} = {C0192DBD-4673-4573-BF61-FD0B4EFB7D11}
		{0A28E5CE-0EDC-490A-8D28-34C79EA7D8DA} = {F761F081-0182-4511-BAE1-57A351175020}
		{968A65B7-FF9A-4A8B-B415-9C1C2D451B3F} = {8A5D3F82-D123-4134-82FD-FED4C582B6F6}
		{97E9CB1B-4904-41AB-ABFE-D856D3E65C3D} = {C0192DBD-4673-4573-BF61-FD0B4EFB7D11}
		{03CB7374-8EE1-4C27-ADF4-3B1BE4C60C11} = {F761F081-0182-4511-BAE1-57A351175020}
		{329FAD32-7827-4B22-AB4D-E52B7BAC5B21} = {C0192DBD-4673-4573-BF61-FD0B4EFB7D11}
		{36B20E51-B629-43EE-B389-5AC52B347D20} = {F761F081-0182-4511-BAE1-57A351175020}
		{915C5AF5-A58A-4F0A-B95F-17C9D5E4CA9E} = {C0192DBD-4673-4573-BF61-FD0B4EFB7D11}
		{C434328C-B2E2-42D4-BE5F-45ED79467ED6} = {C0192DBD-4673-4573-BF61-FD0B4EFB7D11}
		{E6C13F22-CCEB-4FC0-96C2-175B75D70107} = {F761F081-0182-4511-BAE1-57A351175020}
		{2E3AC56A-1958-4F41-B7BD-19DF4D74E641} = {C0192DBD-4673-4573-BF61-FD0B4EFB7D11}
		{7A4A2FA3-D00E-49CF-AA65-5B41BD398850} = {F761F081-0182-4511-BAE1-57A351175020}
		{E8D7DBAE-1AEE-40A5-87DE-2F3DA231D1A0} = {C0192DBD-4673-4573-BF61-FD0B4EFB7D11}
		{F92F19FA-8B83-49E2-9A58-7AF92D5ECF4F} = {F761F081-0182-4511-BAE1-57A351175020}
	EndGlobalSection
	GlobalSection(ExtensibilityGlobals) = postSolution
		SolutionGuid = {1B1E1F5F-E61E-406A-BC8F-ED67E04D7987}
	EndGlobalSection
EndGlobal
